// !$*UTF8*$!
{
	archiveVersion = 1;
	classes = {
	};
	objectVersion = 46;
	objects = {

/* Begin PBXBuildFile section */
		3CB5F687191A7278004B0667 /* Foundation.framework in Frameworks */ = {isa = PBXBuildFile; fileRef = 3CB5F686191A7278004B0667 /* Foundation.framework */; };
		3CB5F689191A7278004B0667 /* CoreGraphics.framework in Frameworks */ = {isa = PBXBuildFile; fileRef = 3CB5F688191A7278004B0667 /* CoreGraphics.framework */; };
		3CB5F68B191A7278004B0667 /* UIKit.framework in Frameworks */ = {isa = PBXBuildFile; fileRef = 3CB5F68A191A7278004B0667 /* UIKit.framework */; };
		3CB5F691191A7278004B0667 /* InfoPlist.strings in Resources */ = {isa = PBXBuildFile; fileRef = 3CB5F68F191A7278004B0667 /* InfoPlist.strings */; };
		3CB5F693191A7278004B0667 /* main.m in Sources */ = {isa = PBXBuildFile; fileRef = 3CB5F692191A7278004B0667 /* main.m */; };
		3CB5F697191A7278004B0667 /* XYZAppDelegate.m in Sources */ = {isa = PBXBuildFile; fileRef = 3CB5F696191A7278004B0667 /* XYZAppDelegate.m */; };
		3CB5F699191A7278004B0667 /* Images.xcassets in Resources */ = {isa = PBXBuildFile; fileRef = 3CB5F698191A7278004B0667 /* Images.xcassets */; };
		3CB5F6A0191A7279004B0667 /* XCTest.framework in Frameworks */ = {isa = PBXBuildFile; fileRef = 3CB5F69F191A7279004B0667 /* XCTest.framework */; };
		3CB5F6A1191A7279004B0667 /* Foundation.framework in Frameworks */ = {isa = PBXBuildFile; fileRef = 3CB5F686191A7278004B0667 /* Foundation.framework */; };
		3CB5F6A2191A7279004B0667 /* UIKit.framework in Frameworks */ = {isa = PBXBuildFile; fileRef = 3CB5F68A191A7278004B0667 /* UIKit.framework */; };
		3CB5F6AA191A7279004B0667 /* InfoPlist.strings in Resources */ = {isa = PBXBuildFile; fileRef = 3CB5F6A8191A7279004B0667 /* InfoPlist.strings */; };
		3CB5F6AC191A7279004B0667 /* ToDoListTests.m in Sources */ = {isa = PBXBuildFile; fileRef = 3CB5F6AB191A7279004B0667 /* ToDoListTests.m */; };
		3CB5F6B6191A7C45004B0667 /* Main.storyboard in Resources */ = {isa = PBXBuildFile; fileRef = 3CB5F6B5191A7C45004B0667 /* Main.storyboard */; };
		3CB5F6BA191A84A9004B0667 /* XYZAddToDoItemViewController.m in Sources */ = {isa = PBXBuildFile; fileRef = 3CB5F6B8191A84A9004B0667 /* XYZAddToDoItemViewController.m */; };
		3CB5F6BB191A84A9004B0667 /* XYZAddToDoItemViewController.xib in Resources */ = {isa = PBXBuildFile; fileRef = 3CB5F6B9191A84A9004B0667 /* XYZAddToDoItemViewController.xib */; };
		3CB5F6BF191A8543004B0667 /* XYZTodoItemTableViewController.m in Sources */ = {isa = PBXBuildFile; fileRef = 3CB5F6BD191A8543004B0667 /* XYZTodoItemTableViewController.m */; };
		3CB5F6C0191A8543004B0667 /* XYZTodoItemTableViewController.xib in Resources */ = {isa = PBXBuildFile; fileRef = 3CB5F6BE191A8543004B0667 /* XYZTodoItemTableViewController.xib */; };
		3CB5F6C3191A9A50004B0667 /* XYZToDoItem.m in Sources */ = {isa = PBXBuildFile; fileRef = 3CB5F6C2191A9A50004B0667 /* XYZToDoItem.m */; };
		3CB5F6C6191AAFF5004B0667 /* ToDo.xcdatamodeld in Sources */ = {isa = PBXBuildFile; fileRef = 3CB5F6C4191AAFF5004B0667 /* ToDo.xcdatamodeld */; };
		3CB5F6C8191AB05F004B0667 /* CoreData.framework in Frameworks */ = {isa = PBXBuildFile; fileRef = 3CB5F6C7191AB05F004B0667 /* CoreData.framework */; };
		3CB5F6CB191AB1AB004B0667 /* ToDo.m in Sources */ = {isa = PBXBuildFile; fileRef = 3CB5F6CA191AB1AB004B0667 /* ToDo.m */; };
/* End PBXBuildFile section */

/* Begin PBXContainerItemProxy section */
		3CB5F6A3191A7279004B0667 /* PBXContainerItemProxy */ = {
			isa = PBXContainerItemProxy;
			containerPortal = 3CB5F67B191A7278004B0667 /* Project object */;
			proxyType = 1;
			remoteGlobalIDString = 3CB5F682191A7278004B0667;
			remoteInfo = ToDoList;
		};
/* End PBXContainerItemProxy section */

/* Begin PBXFileReference section */
		3CB5F683191A7278004B0667 /* ToDoList.app */ = {isa = PBXFileReference; explicitFileType = wrapper.application; includeInIndex = 0; path = ToDoList.app; sourceTree = BUILT_PRODUCTS_DIR; };
		3CB5F686191A7278004B0667 /* Foundation.framework */ = {isa = PBXFileReference; lastKnownFileType = wrapper.framework; name = Foundation.framework; path = System/Library/Frameworks/Foundation.framework; sourceTree = SDKROOT; };
		3CB5F688191A7278004B0667 /* CoreGraphics.framework */ = {isa = PBXFileReference; lastKnownFileType = wrapper.framework; name = CoreGraphics.framework; path = System/Library/Frameworks/CoreGraphics.framework; sourceTree = SDKROOT; };
		3CB5F68A191A7278004B0667 /* UIKit.framework */ = {isa = PBXFileReference; lastKnownFileType = wrapper.framework; name = UIKit.framework; path = System/Library/Frameworks/UIKit.framework; sourceTree = SDKROOT; };
		3CB5F68E191A7278004B0667 /* ToDoList-Info.plist */ = {isa = PBXFileReference; lastKnownFileType = text.plist.xml; path = "ToDoList-Info.plist"; sourceTree = "<group>"; };
		3CB5F690191A7278004B0667 /* en */ = {isa = PBXFileReference; lastKnownFileType = text.plist.strings; name = en; path = en.lproj/InfoPlist.strings; sourceTree = "<group>"; };
		3CB5F692191A7278004B0667 /* main.m */ = {isa = PBXFileReference; lastKnownFileType = sourcecode.c.objc; path = main.m; sourceTree = "<group>"; };
		3CB5F694191A7278004B0667 /* ToDoList-Prefix.pch */ = {isa = PBXFileReference; lastKnownFileType = sourcecode.c.h; path = "ToDoList-Prefix.pch"; sourceTree = "<group>"; };
		3CB5F695191A7278004B0667 /* XYZAppDelegate.h */ = {isa = PBXFileReference; lastKnownFileType = sourcecode.c.h; path = XYZAppDelegate.h; sourceTree = "<group>"; };
		3CB5F696191A7278004B0667 /* XYZAppDelegate.m */ = {isa = PBXFileReference; lastKnownFileType = sourcecode.c.objc; path = XYZAppDelegate.m; sourceTree = "<group>"; };
		3CB5F698191A7278004B0667 /* Images.xcassets */ = {isa = PBXFileReference; lastKnownFileType = folder.assetcatalog; path = Images.xcassets; sourceTree = "<group>"; };
		3CB5F69E191A7279004B0667 /* ToDoListTests.xctest */ = {isa = PBXFileReference; explicitFileType = wrapper.cfbundle; includeInIndex = 0; path = ToDoListTests.xctest; sourceTree = BUILT_PRODUCTS_DIR; };
		3CB5F69F191A7279004B0667 /* XCTest.framework */ = {isa = PBXFileReference; lastKnownFileType = wrapper.framework; name = XCTest.framework; path = Library/Frameworks/XCTest.framework; sourceTree = DEVELOPER_DIR; };
		3CB5F6A7191A7279004B0667 /* ToDoListTests-Info.plist */ = {isa = PBXFileReference; lastKnownFileType = text.plist.xml; path = "ToDoListTests-Info.plist"; sourceTree = "<group>"; };
		3CB5F6A9191A7279004B0667 /* en */ = {isa = PBXFileReference; lastKnownFileType = text.plist.strings; name = en; path = en.lproj/InfoPlist.strings; sourceTree = "<group>"; };
		3CB5F6AB191A7279004B0667 /* ToDoListTests.m */ = {isa = PBXFileReference; lastKnownFileType = sourcecode.c.objc; path = ToDoListTests.m; sourceTree = "<group>"; };
		3CB5F6B5191A7C45004B0667 /* Main.storyboard */ = {isa = PBXFileReference; fileEncoding = 4; lastKnownFileType = file.storyboard; path = Main.storyboard; sourceTree = "<group>"; };
		3CB5F6B7191A84A9004B0667 /* XYZAddToDoItemViewController.h */ = {isa = PBXFileReference; fileEncoding = 4; lastKnownFileType = sourcecode.c.h; path = XYZAddToDoItemViewController.h; sourceTree = "<group>"; };
		3CB5F6B8191A84A9004B0667 /* XYZAddToDoItemViewController.m */ = {isa = PBXFileReference; fileEncoding = 4; lastKnownFileType = sourcecode.c.objc; path = XYZAddToDoItemViewController.m; sourceTree = "<group>"; };
		3CB5F6B9191A84A9004B0667 /* XYZAddToDoItemViewController.xib */ = {isa = PBXFileReference; fileEncoding = 4; lastKnownFileType = file.xib; path = XYZAddToDoItemViewController.xib; sourceTree = "<group>"; };
		3CB5F6BC191A8543004B0667 /* XYZTodoItemTableViewController.h */ = {isa = PBXFileReference; fileEncoding = 4; lastKnownFileType = sourcecode.c.h; path = XYZTodoItemTableViewController.h; sourceTree = "<group>"; };
		3CB5F6BD191A8543004B0667 /* XYZTodoItemTableViewController.m */ = {isa = PBXFileReference; fileEncoding = 4; lastKnownFileType = sourcecode.c.objc; path = XYZTodoItemTableViewController.m; sourceTree = "<group>"; };
		3CB5F6BE191A8543004B0667 /* XYZTodoItemTableViewController.xib */ = {isa = PBXFileReference; fileEncoding = 4; lastKnownFileType = file.xib; path = XYZTodoItemTableViewController.xib; sourceTree = "<group>"; };
		3CB5F6C1191A9A50004B0667 /* XYZToDoItem.h */ = {isa = PBXFileReference; fileEncoding = 4; lastKnownFileType = sourcecode.c.h; path = XYZToDoItem.h; sourceTree = "<group>"; };
		3CB5F6C2191A9A50004B0667 /* XYZToDoItem.m */ = {isa = PBXFileReference; fileEncoding = 4; lastKnownFileType = sourcecode.c.objc; path = XYZToDoItem.m; sourceTree = "<group>"; };
		3CB5F6C5191AAFF5004B0667 /* ToDo.xcdatamodel */ = {isa = PBXFileReference; lastKnownFileType = wrapper.xcdatamodel; path = ToDo.xcdatamodel; sourceTree = "<group>"; };
		3CB5F6C7191AB05F004B0667 /* CoreData.framework */ = {isa = PBXFileReference; lastKnownFileType = wrapper.framework; name = CoreData.framework; path = System/Library/Frameworks/CoreData.framework; sourceTree = SDKROOT; };
		3CB5F6C9191AB1AB004B0667 /* ToDo.h */ = {isa = PBXFileReference; fileEncoding = 4; lastKnownFileType = sourcecode.c.h; path = ToDo.h; sourceTree = "<group>"; };
		3CB5F6CA191AB1AB004B0667 /* ToDo.m */ = {isa = PBXFileReference; fileEncoding = 4; lastKnownFileType = sourcecode.c.objc; path = ToDo.m; sourceTree = "<group>"; };
/* End PBXFileReference section */

/* Begin PBXFrameworksBuildPhase section */
		3CB5F680191A7278004B0667 /* Frameworks */ = {
			isa = PBXFrameworksBuildPhase;
			buildActionMask = 2147483647;
			files = (
				3CB5F6C8191AB05F004B0667 /* CoreData.framework in Frameworks */,
				3CB5F689191A7278004B0667 /* CoreGraphics.framework in Frameworks */,
				3CB5F68B191A7278004B0667 /* UIKit.framework in Frameworks */,
				3CB5F687191A7278004B0667 /* Foundation.framework in Frameworks */,
			);
			runOnlyForDeploymentPostprocessing = 0;
		};
		3CB5F69B191A7279004B0667 /* Frameworks */ = {
			isa = PBXFrameworksBuildPhase;
			buildActionMask = 2147483647;
			files = (
				3CB5F6A0191A7279004B0667 /* XCTest.framework in Frameworks */,
				3CB5F6A2191A7279004B0667 /* UIKit.framework in Frameworks */,
				3CB5F6A1191A7279004B0667 /* Foundation.framework in Frameworks */,
			);
			runOnlyForDeploymentPostprocessing = 0;
		};
/* End PBXFrameworksBuildPhase section */

/* Begin PBXGroup section */
		3CB5F67A191A7278004B0667 = {
			isa = PBXGroup;
			children = (
				3CB5F6C4191AAFF5004B0667 /* ToDo.xcdatamodeld */,
				3CB5F6C9191AB1AB004B0667 /* ToDo.h */,
				3CB5F6CA191AB1AB004B0667 /* ToDo.m */,
				3CB5F68C191A7278004B0667 /* ToDoList */,
				3CB5F6A5191A7279004B0667 /* ToDoListTests */,
				3CB5F685191A7278004B0667 /* Frameworks */,
				3CB5F684191A7278004B0667 /* Products */,
			);
			sourceTree = "<group>";
		};
		3CB5F684191A7278004B0667 /* Products */ = {
			isa = PBXGroup;
			children = (
				3CB5F683191A7278004B0667 /* ToDoList.app */,
				3CB5F69E191A7279004B0667 /* ToDoListTests.xctest */,
			);
			name = Products;
			sourceTree = "<group>";
		};
		3CB5F685191A7278004B0667 /* Frameworks */ = {
			isa = PBXGroup;
			children = (
				3CB5F6C7191AB05F004B0667 /* CoreData.framework */,
				3CB5F686191A7278004B0667 /* Foundation.framework */,
				3CB5F688191A7278004B0667 /* CoreGraphics.framework */,
				3CB5F68A191A7278004B0667 /* UIKit.framework */,
				3CB5F69F191A7279004B0667 /* XCTest.framework */,
			);
			name = Frameworks;
			sourceTree = "<group>";
		};
		3CB5F68C191A7278004B0667 /* ToDoList */ = {
			isa = PBXGroup;
			children = (
				3CB5F695191A7278004B0667 /* XYZAppDelegate.h */,
				3CB5F696191A7278004B0667 /* XYZAppDelegate.m */,
				3CB5F698191A7278004B0667 /* Images.xcassets */,
				3CB5F68D191A7278004B0667 /* Supporting Files */,
				3CB5F6B5191A7C45004B0667 /* Main.storyboard */,
				3CB5F6BC191A8543004B0667 /* XYZTodoItemTableViewController.h */,
				3CB5F6BD191A8543004B0667 /* XYZTodoItemTableViewController.m */,
				3CB5F6C1191A9A50004B0667 /* XYZToDoItem.h */,
				3CB5F6C2191A9A50004B0667 /* XYZToDoItem.m */,
				3CB5F6BE191A8543004B0667 /* XYZTodoItemTableViewController.xib */,
				3CB5F6B7191A84A9004B0667 /* XYZAddToDoItemViewController.h */,
				3CB5F6B8191A84A9004B0667 /* XYZAddToDoItemViewController.m */,
				3CB5F6B9191A84A9004B0667 /* XYZAddToDoItemViewController.xib */,
			);
			path = ToDoList;
			sourceTree = "<group>";
		};
		3CB5F68D191A7278004B0667 /* Supporting Files */ = {
			isa = PBXGroup;
			children = (
				3CB5F68E191A7278004B0667 /* ToDoList-Info.plist */,
				3CB5F68F191A7278004B0667 /* InfoPlist.strings */,
				3CB5F692191A7278004B0667 /* main.m */,
				3CB5F694191A7278004B0667 /* ToDoList-Prefix.pch */,
			);
			name = "Supporting Files";
			sourceTree = "<group>";
		};
		3CB5F6A5191A7279004B0667 /* ToDoListTests */ = {
			isa = PBXGroup;
			children = (
				3CB5F6AB191A7279004B0667 /* ToDoListTests.m */,
				3CB5F6A6191A7279004B0667 /* Supporting Files */,
			);
			path = ToDoListTests;
			sourceTree = "<group>";
		};
		3CB5F6A6191A7279004B0667 /* Supporting Files */ = {
			isa = PBXGroup;
			children = (
				3CB5F6A7191A7279004B0667 /* ToDoListTests-Info.plist */,
				3CB5F6A8191A7279004B0667 /* InfoPlist.strings */,
			);
			name = "Supporting Files";
			sourceTree = "<group>";
		};
/* End PBXGroup section */

/* Begin PBXNativeTarget section */
		3CB5F682191A7278004B0667 /* ToDoList */ = {
			isa = PBXNativeTarget;
			buildConfigurationList = 3CB5F6AF191A7279004B0667 /* Build configuration list for PBXNativeTarget "ToDoList" */;
			buildPhases = (
				3CB5F67F191A7278004B0667 /* Sources */,
				3CB5F680191A7278004B0667 /* Frameworks */,
				3CB5F681191A7278004B0667 /* Resources */,
			);
			buildRules = (
			);
			dependencies = (
			);
			name = ToDoList;
			productName = ToDoList;
			productReference = 3CB5F683191A7278004B0667 /* ToDoList.app */;
			productType = "com.apple.product-type.application";
		};
		3CB5F69D191A7279004B0667 /* ToDoListTests */ = {
			isa = PBXNativeTarget;
			buildConfigurationList = 3CB5F6B2191A7279004B0667 /* Build configuration list for PBXNativeTarget "ToDoListTests" */;
			buildPhases = (
				3CB5F69A191A7279004B0667 /* Sources */,
				3CB5F69B191A7279004B0667 /* Frameworks */,
				3CB5F69C191A7279004B0667 /* Resources */,
			);
			buildRules = (
			);
			dependencies = (
				3CB5F6A4191A7279004B0667 /* PBXTargetDependency */,
			);
			name = ToDoListTests;
			productName = ToDoListTests;
			productReference = 3CB5F69E191A7279004B0667 /* ToDoListTests.xctest */;
			productType = "com.apple.product-type.bundle.unit-test";
		};
/* End PBXNativeTarget section */

/* Begin PBXProject section */
		3CB5F67B191A7278004B0667 /* Project object */ = {
			isa = PBXProject;
			attributes = {
				CLASSPREFIX = XYZ;
				LastUpgradeCheck = 0510;
				TargetAttributes = {
					3CB5F69D191A7279004B0667 = {
						TestTargetID = 3CB5F682191A7278004B0667;
					};
				};
			};
			buildConfigurationList = 3CB5F67E191A7278004B0667 /* Build configuration list for PBXProject "ToDoList" */;
			compatibilityVersion = "Xcode 3.2";
			developmentRegion = English;
			hasScannedForEncodings = 0;
			knownRegions = (
				en,
			);
			mainGroup = 3CB5F67A191A7278004B0667;
			productRefGroup = 3CB5F684191A7278004B0667 /* Products */;
			projectDirPath = "";
			projectRoot = "";
			targets = (
				3CB5F682191A7278004B0667 /* ToDoList */,
				3CB5F69D191A7279004B0667 /* ToDoListTests */,
			);
		};
/* End PBXProject section */

/* Begin PBXResourcesBuildPhase section */
		3CB5F681191A7278004B0667 /* Resources */ = {
			isa = PBXResourcesBuildPhase;
			buildActionMask = 2147483647;
			files = (
				3CB5F6B6191A7C45004B0667 /* Main.storyboard in Resources */,
				3CB5F691191A7278004B0667 /* InfoPlist.strings in Resources */,
				3CB5F6BB191A84A9004B0667 /* XYZAddToDoItemViewController.xib in Resources */,
				3CB5F699191A7278004B0667 /* Images.xcassets in Resources */,
				3CB5F6C0191A8543004B0667 /* XYZTodoItemTableViewController.xib in Resources */,
			);
			runOnlyForDeploymentPostprocessing = 0;
		};
		3CB5F69C191A7279004B0667 /* Resources */ = {
			isa = PBXResourcesBuildPhase;
			buildActionMask = 2147483647;
			files = (
				3CB5F6AA191A7279004B0667 /* InfoPlist.strings in Resources */,
			);
			runOnlyForDeploymentPostprocessing = 0;
		};
/* End PBXResourcesBuildPhase section */

/* Begin PBXSourcesBuildPhase section */
		3CB5F67F191A7278004B0667 /* Sources */ = {
			isa = PBXSourcesBuildPhase;
			buildActionMask = 2147483647;
			files = (
				3CB5F6CB191AB1AB004B0667 /* ToDo.m in Sources */,
				3CB5F6BF191A8543004B0667 /* XYZTodoItemTableViewController.m in Sources */,
				3CB5F6C6191AAFF5004B0667 /* ToDo.xcdatamodeld in Sources */,
				3CB5F6C3191A9A50004B0667 /* XYZToDoItem.m in Sources */,
				3CB5F697191A7278004B0667 /* XYZAppDelegate.m in Sources */,
				3CB5F693191A7278004B0667 /* main.m in Sources */,
				3CB5F6BA191A84A9004B0667 /* XYZAddToDoItemViewController.m in Sources */,
			);
			runOnlyForDeploymentPostprocessing = 0;
		};
		3CB5F69A191A7279004B0667 /* Sources */ = {
			isa = PBXSourcesBuildPhase;
			buildActionMask = 2147483647;
			files = (
				3CB5F6AC191A7279004B0667 /* ToDoListTests.m in Sources */,
			);
			runOnlyForDeploymentPostprocessing = 0;
		};
/* End PBXSourcesBuildPhase section */

/* Begin PBXTargetDependency section */
		3CB5F6A4191A7279004B0667 /* PBXTargetDependency */ = {
			isa = PBXTargetDependency;
			target = 3CB5F682191A7278004B0667 /* ToDoList */;
			targetProxy = 3CB5F6A3191A7279004B0667 /* PBXContainerItemProxy */;
		};
/* End PBXTargetDependency section */

/* Begin PBXVariantGroup section */
		3CB5F68F191A7278004B0667 /* InfoPlist.strings */ = {
			isa = PBXVariantGroup;
			children = (
				3CB5F690191A7278004B0667 /* en */,
			);
			name = InfoPlist.strings;
			sourceTree = "<group>";
		};
		3CB5F6A8191A7279004B0667 /* InfoPlist.strings */ = {
			isa = PBXVariantGroup;
			children = (
				3CB5F6A9191A7279004B0667 /* en */,
			);
			name = InfoPlist.strings;
			sourceTree = "<group>";
		};
/* End PBXVariantGroup section */

/* Begin XCBuildConfiguration section */
		3CB5F6AD191A7279004B0667 /* Debug */ = {
			isa = XCBuildConfiguration;
			buildSettings = {
				ALWAYS_SEARCH_USER_PATHS = NO;
				CLANG_CXX_LANGUAGE_STANDARD = "gnu++0x";
				CLANG_CXX_LIBRARY = "libc++";
				CLANG_ENABLE_MODULES = YES;
				CLANG_ENABLE_OBJC_ARC = YES;
				CLANG_WARN_BOOL_CONVERSION = YES;
				CLANG_WARN_CONSTANT_CONVERSION = YES;
				CLANG_WARN_DIRECT_OBJC_ISA_USAGE = YES_ERROR;
				CLANG_WARN_EMPTY_BODY = YES;
				CLANG_WARN_ENUM_CONVERSION = YES;
				CLANG_WARN_INT_CONVERSION = YES;
				CLANG_WARN_OBJC_ROOT_CLASS = YES_ERROR;
				CLANG_WARN__DUPLICATE_METHOD_MATCH = YES;
				"CODE_SIGN_IDENTITY[sdk=iphoneos*]" = "iPhone Developer";
				COPY_PHASE_STRIP = NO;
				GCC_C_LANGUAGE_STANDARD = gnu99;
				GCC_DYNAMIC_NO_PIC = NO;
				GCC_OPTIMIZATION_LEVEL = 0;
				GCC_PREPROCESSOR_DEFINITIONS = (
					"DEBUG=1",
					"$(inherited)",
				);
				GCC_SYMBOLS_PRIVATE_EXTERN = NO;
				GCC_WARN_64_TO_32_BIT_CONVERSION = YES;
				GCC_WARN_ABOUT_RETURN_TYPE = YES_ERROR;
				GCC_WARN_UNDECLARED_SELECTOR = YES;
				GCC_WARN_UNINITIALIZED_AUTOS = YES_AGGRESSIVE;
				GCC_WARN_UNUSED_FUNCTION = YES;
				GCC_WARN_UNUSED_VARIABLE = YES;
				IPHONEOS_DEPLOYMENT_TARGET = 7.1;
				ONLY_ACTIVE_ARCH = YES;
				SDKROOT = iphoneos;
			};
			name = Debug;
		};
		3CB5F6AE191A7279004B0667 /* Release */ = {
			isa = XCBuildConfiguration;
			buildSettings = {
				ALWAYS_SEARCH_USER_PATHS = NO;
				CLANG_CXX_LANGUAGE_STANDARD = "gnu++0x";
				CLANG_CXX_LIBRARY = "libc++";
				CLANG_ENABLE_MODULES = YES;
				CLANG_ENABLE_OBJC_ARC = YES;
				CLANG_WARN_BOOL_CONVERSION = YES;
				CLANG_WARN_CONSTANT_CONVERSION = YES;
				CLANG_WARN_DIRECT_OBJC_ISA_USAGE = YES_ERROR;
				CLANG_WARN_EMPTY_BODY = YES;
				CLANG_WARN_ENUM_CONVERSION = YES;
				CLANG_WARN_INT_CONVERSION = YES;
				CLANG_WARN_OBJC_ROOT_CLASS = YES_ERROR;
				CLANG_WARN__DUPLICATE_METHOD_MATCH = YES;
				"CODE_SIGN_IDENTITY[sdk=iphoneos*]" = "iPhone Developer";
				COPY_PHASE_STRIP = YES;
				ENABLE_NS_ASSERTIONS = NO;
				GCC_C_LANGUAGE_STANDARD = gnu99;
				GCC_WARN_64_TO_32_BIT_CONVERSION = YES;
				GCC_WARN_ABOUT_RETURN_TYPE = YES_ERROR;
				GCC_WARN_UNDECLARED_SELECTOR = YES;
				GCC_WARN_UNINITIALIZED_AUTOS = YES_AGGRESSIVE;
				GCC_WARN_UNUSED_FUNCTION = YES;
				GCC_WARN_UNUSED_VARIABLE = YES;
				IPHONEOS_DEPLOYMENT_TARGET = 7.1;
				SDKROOT = iphoneos;
				VALIDATE_PRODUCT = YES;
			};
			name = Release;
		};
		3CB5F6B0191A7279004B0667 /* Debug */ = {
			isa = XCBuildConfiguration;
			buildSettings = {
				ASSETCATALOG_COMPILER_APPICON_NAME = AppIcon;
				ASSETCATALOG_COMPILER_LAUNCHIMAGE_NAME = LaunchImage;
				GCC_PRECOMPILE_PREFIX_HEADER = YES;
				GCC_PREFIX_HEADER = "ToDoList/ToDoList-Prefix.pch";
				INFOPLIST_FILE = "ToDoList/ToDoList-Info.plist";
				PRODUCT_NAME = "$(TARGET_NAME)";
				WRAPPER_EXTENSION = app;
			};
			name = Debug;
		};
		3CB5F6B1191A7279004B0667 /* Release */ = {
			isa = XCBuildConfiguration;
			buildSettings = {
				ASSETCATALOG_COMPILER_APPICON_NAME = AppIcon;
				ASSETCATALOG_COMPILER_LAUNCHIMAGE_NAME = LaunchImage;
				GCC_PRECOMPILE_PREFIX_HEADER = YES;
				GCC_PREFIX_HEADER = "ToDoList/ToDoList-Prefix.pch";
				INFOPLIST_FILE = "ToDoList/ToDoList-Info.plist";
				PRODUCT_NAME = "$(TARGET_NAME)";
				WRAPPER_EXTENSION = app;
			};
			name = Release;
		};
		3CB5F6B3191A7279004B0667 /* Debug */ = {
			isa = XCBuildConfiguration;
			buildSettings = {
				BUNDLE_LOADER = "$(BUILT_PRODUCTS_DIR)/ToDoList.app/ToDoList";
				FRAMEWORK_SEARCH_PATHS = (
					"$(SDKROOT)/Developer/Library/Frameworks",
					"$(inherited)",
					"$(DEVELOPER_FRAMEWORKS_DIR)",
				);
				GCC_PRECOMPILE_PREFIX_HEADER = YES;
				GCC_PREFIX_HEADER = "ToDoList/ToDoList-Prefix.pch";
				GCC_PREPROCESSOR_DEFINITIONS = (
					"DEBUG=1",
					"$(inherited)",
				);
				INFOPLIST_FILE = "ToDoListTests/ToDoListTests-Info.plist";
				PRODUCT_NAME = "$(TARGET_NAME)";
				TEST_HOST = "$(BUNDLE_LOADER)";
				WRAPPER_EXTENSION = xctest;
			};
			name = Debug;
		};
		3CB5F6B4191A7279004B0667 /* Release */ = {
			isa = XCBuildConfiguration;
			buildSettings = {
				BUNDLE_LOADER = "$(BUILT_PRODUCTS_DIR)/ToDoList.app/ToDoList";
				FRAMEWORK_SEARCH_PATHS = (
					"$(SDKROOT)/Developer/Library/Frameworks",
					"$(inherited)",
					"$(DEVELOPER_FRAMEWORKS_DIR)",
				);
				GCC_PRECOMPILE_PREFIX_HEADER = YES;
				GCC_PREFIX_HEADER = "ToDoList/ToDoList-Prefix.pch";
				INFOPLIST_FILE = "ToDoListTests/ToDoListTests-Info.plist";
				PRODUCT_NAME = "$(TARGET_NAME)";
				TEST_HOST = "$(BUNDLE_LOADER)";
				WRAPPER_EXTENSION = xctest;
			};
			name = Release;
		};
/* End XCBuildConfiguration section */

/* Begin XCConfigurationList section */
		3CB5F67E191A7278004B0667 /* Build configuration list for PBXProject "ToDoList" */ = {
			isa = XCConfigurationList;
			buildConfigurations = (
				3CB5F6AD191A7279004B0667 /* Debug */,
				3CB5F6AE191A7279004B0667 /* Release */,
			);
			defaultConfigurationIsVisible = 0;
			defaultConfigurationName = Release;
		};
		3CB5F6AF191A7279004B0667 /* Build configuration list for PBXNativeTarget "ToDoList" */ = {
			isa = XCConfigurationList;
			buildConfigurations = (
				3CB5F6B0191A7279004B0667 /* Debug */,
				3CB5F6B1191A7279004B0667 /* Release */,
			);
			defaultConfigurationIsVisible = 0;
		};
		3CB5F6B2191A7279004B0667 /* Build configuration list for PBXNativeTarget "ToDoListTests" */ = {
			isa = XCConfigurationList;
			buildConfigurations = (
				3CB5F6B3191A7279004B0667 /* Debug */,
				3CB5F6B4191A7279004B0667 /* Release */,
			);
			defaultConfigurationIsVisible = 0;
		};
/* End XCConfigurationList section */

/* Begin XCVersionGroup section */
		3CB5F6C4191AAFF5004B0667 /* ToDo.xcdatamodeld */ = {
			isa = XCVersionGroup;
			children = (
				3CB5F6C5191AAFF5004B0667 /* ToDo.xcdatamodel */,
			);
			currentVersion = 3CB5F6C5191AAFF5004B0667 /* ToDo.xcdatamodel */;
			path = ToDo.xcdatamodeld;
			sourceTree = "<group>";
			versionGroupType = wrapper.xcdatamodel;
		};
/* End XCVersionGroup section */
	};
	rootObject = 3CB5F67B191A7278004B0667 /* Project object */;
}
